
Microsoft Visual Studio Solution File, Format Version 12.00
# Visual Studio Version 17
VisualStudioVersion = 17.10.35013.160
MinimumVisualStudioVersion = 10.0.40219.1
Project("{FAE04EC0-301F-11D3-BF4B-00C04F79EFBC}") = "RealEstate_Dapper_Api", "RealEstate_Dapper_Api\RealEstate_Dapper_Api.csproj", "{B15F933D-49A6-4378-A711-539C4BD10F2B}"
EndProject
Project("{FAE04EC0-301F-11D3-BF4B-00C04F79EFBC}") = "RealEstate_Dapper_UI", "RealEstate_Dapper_UI\RealEstate_Dapper_UI.csproj", "{3C254FE8-BD7F-45E5-819D-F7C2C736F66D}"
EndProject
Global
	GlobalSection(SolutionConfigurationPlatforms) = preSolution
		Debug|Any CPU = Debug|Any CPU
		Release|Any CPU = Release|Any CPU
	EndGlobalSection
	GlobalSection(ProjectConfigurationPlatforms) = postSolution
		{B15F933D-49A6-4378-A711-539C4BD10F2B}.Debug|Any CPU.ActiveCfg = Debug|Any CPU
		{B15F933D-49A6-4378-A711-539C4BD10F2B}.Debug|Any CPU.Build.0 = Debug|Any CPU
		{B15F933D-49A6-4378-A711-539C4BD10F2B}.Release|Any CPU.ActiveCfg = Release|Any CPU
		{B15F933D-49A6-4378-A711-539C4BD10F2B}.Release|Any CPU.Build.0 = Release|Any CPU
		{3C254FE8-BD7F-45E5-819D-F7C2C736F66D}.Debug|Any CPU.ActiveCfg = Debug|Any CPU
		{3C254FE8-BD7F-45E5-819D-F7C2C736F66D}.Debug|Any CPU.Build.0 = Debug|Any CPU
		{3C254FE8-BD7F-45E5-819D-F7C2C736F66D}.Release|Any CPU.ActiveCfg = Release|Any CPU
		{3C254FE8-BD7F-45E5-819D-F7C2C736F66D}.Release|Any CPU.Build.0 = Release|Any CPU
	EndGlobalSection
	GlobalSection(SolutionProperties) = preSolution
		HideSolutionNode = FALSE
	EndGlobalSection
	GlobalSection(ExtensibilityGlobals) = postSolution
		SolutionGuid = {C9431BD3-55E1-4713-92C5-7277EC1B609F}
	EndGlobalSection
EndGlobal
